{
  "name": "todo",
  "version": "1.0.0",
  "lockfileVersion": 1,
  "requires": true,
  "dependencies": {
    "jquery": {
      "version": "3.2.1",
      "resolved": "http://registry.npm.taobao.org/jquery/download/jquery-3.2.1.tgz",
      "integrity": "sha1-XE2d5lKvbNCncBVKYxu6ErAVx4c="
    },
    "store": {
      "version": "2.0.12",
      "resolved": "http://registry.npm.taobao.org/store/download/store-2.0.12.tgz",
      "integrity": "sha1-jFNOKguDH3K3X8XxEZhXxE711ZM="
    }
  }
}
